{
    "_readme": [
        "This file locks the dependencies of your project to a known state",
        "Read more about it at https://getcomposer.org/doc/01-basic-usage.md#installing-dependencies",
        "This file is @generated automatically"
    ],
    "content-hash": "d2865124125c6b30baeabb727ea3a3a9",
    "packages": [
        {
            "name": "nemiah/php-fints",
            "version": "dev-master",
            "source": {
                "type": "git",
                "url": "https://github.com/nemiah/phpFinTS.git",
                "reference": "95ce081b8aa4ebebcead2a6fcf6dc49b425528a3"
            },
            "dist": {
                "type": "zip",
                "url": "https://api.github.com/repos/nemiah/phpFinTS/zipball/95ce081b8aa4ebebcead2a6fcf6dc49b425528a3",
                "reference": "95ce081b8aa4ebebcead2a6fcf6dc49b425528a3",
                "shasum": ""
            },
            "require": {
                "ext-curl": "*",
                "php": ">=7.1",
                "psr/log": "~1.0"
            },
            "require-dev": {
                "friendsofphp/php-cs-fixer": "2.18.*",
                "php-mock/php-mock-phpunit": "2.6.*",
                "phpunit/phpunit": "9.5.*"
            },
            "suggest": {
                "abcaeffchen/sephpa": "1.*",
                "monolog/monolog": "Allow sending log messages to a variety of different handlers",
                "nemiah/php-sepa-xml": "dev-master"
            },
            "default-branch": true,
            "type": "library",
            "autoload": {
                "psr-0": {
                    "Fhp": "lib/",
                    "Tests\\Fhp": "lib/"
                }
            },
            "notification-url": "https://packagist.org/downloads/",
            "license": [
                "MIT"
            ],
            "description": "PHP Library for the protocols fints and hbci",
            "homepage": "https://github.com/nemiah/phpFinTS",
            "support": {
                "issues": "https://github.com/nemiah/phpFinTS/issues",
                "source": "https://github.com/nemiah/phpFinTS/tree/master"
            },
            "time": "2021-03-08T15:02:54+00:00"
        },
        {
            "name": "psr/log",
            "version": "1.1.3",
            "source": {
                "type": "git",
                "url": "https://github.com/php-fig/log.git",
                "reference": "0f73288fd15629204f9d42b7055f72dacbe811fc"
            },
            "dist": {
                "type": "zip",
                "url": "https://api.github.com/repos/php-fig/log/zipball/0f73288fd15629204f9d42b7055f72dacbe811fc",
                "reference": "0f73288fd15629204f9d42b7055f72dacbe811fc",
                "shasum": ""
            },
            "require": {
                "php": ">=5.3.0"
            },
            "type": "library",
            "extra": {
                "branch-alias": {
                    "dev-master": "1.1.x-dev"
                }
            },
            "autoload": {
                "psr-4": {
                    "Psr\\Log\\": "Psr/Log/"
                }
            },
            "notification-url": "https://packagist.org/downloads/",
            "license": [
                "MIT"
            ],
            "authors": [
                {
                    "name": "PHP-FIG",
                    "homepage": "http://www.php-fig.org/"
                }
            ],
            "description": "Common interface for logging libraries",
            "homepage": "https://github.com/php-fig/log",
            "keywords": [
                "log",
                "psr",
                "psr-3"
            ],
            "support": {
                "source": "https://github.com/php-fig/log/tree/1.1.3"
            },
            "time": "2020-03-23T09:12:05+00:00"
        }
    ],
    "packages-dev": [],
    "aliases": [],
    "minimum-stability": "stable",
    "stability-flags": {
        "nemiah/php-fints": 20
    },
    "prefer-stable": false,
    "prefer-lowest": false,
    "platform": [],
    "platform-dev": [],
    "plugin-api-version": "2.0.0"
}
